
Microsoft Visual Studio Solution File, Format Version 12.00
# Visual Studio Version 16
VisualStudioVersion = 16.0.28803.202
MinimumVisualStudioVersion = 10.0.40219.1
Project("{9A19103F-16F7-4668-BE54-9A1E7A4F7556}") = "SeleniumUiTest", "SeleniumUiTest\SeleniumUiTest.csproj", "{71A44CEA-A734-4556-B129-7B9C403F8444}"
EndProject
Project("{FAE04EC0-301F-11D3-BF4B-00C04F79EFBC}") = "HelloSelenium", "HelloSelenium\HelloSelenium.csproj", "{2ED7BF2B-D5C6-4621-AE15-5C41E87DC662}"
EndProject
Global
	GlobalSection(SolutionConfigurationPlatforms) = preSolution
		Debug|Any CPU = Debug|Any CPU
		Release|Any CPU = Release|Any CPU
	EndGlobalSection
	GlobalSection(ProjectConfigurationPlatforms) = postSolution
		{71A44CEA-A734-4556-B129-7B9C403F8444}.Debug|Any CPU.ActiveCfg = Debug|Any CPU
		{71A44CEA-A734-4556-B129-7B9C403F8444}.Debug|Any CPU.Build.0 = Debug|Any CPU
		{71A44CEA-A734-4556-B129-7B9C403F8444}.Release|Any CPU.ActiveCfg = Release|Any CPU
		{71A44CEA-A734-4556-B129-7B9C403F8444}.Release|Any CPU.Build.0 = Release|Any CPU
		{2ED7BF2B-D5C6-4621-AE15-5C41E87DC662}.Debug|Any CPU.ActiveCfg = Debug|Any CPU
		{2ED7BF2B-D5C6-4621-AE15-5C41E87DC662}.Debug|Any CPU.Build.0 = Debug|Any CPU
		{2ED7BF2B-D5C6-4621-AE15-5C41E87DC662}.Release|Any CPU.ActiveCfg = Release|Any CPU
		{2ED7BF2B-D5C6-4621-AE15-5C41E87DC662}.Release|Any CPU.Build.0 = Release|Any CPU
	EndGlobalSection
	GlobalSection(SolutionProperties) = preSolution
		HideSolutionNode = FALSE
	EndGlobalSection
	GlobalSection(ExtensibilityGlobals) = postSolution
		SolutionGuid = {48EB7B2A-1ACD-48DA-8FE5-4D2E329F02B3}
	EndGlobalSection
EndGlobal
